
Microsoft Visual Studio Solution File, Format Version 12.00
# Visual Studio Version 17
VisualStudioVersion = 17.7.34031.279
MinimumVisualStudioVersion = 10.0.40219.1
Project("{FAE04EC0-301F-11D3-BF4B-00C04F79EFBC}") = "6. Working with Numbers", "6. Working with Numbers\6. Working with Numbers.csproj", "{64312871-9F08-4274-B323-CFFCDBB16CA5}"
EndProject
Global
	GlobalSection(SolutionConfigurationPlatforms) = preSolution
		Debug|Any CPU = Debug|Any CPU
		Release|Any CPU = Release|Any CPU
	EndGlobalSection
	GlobalSection(ProjectConfigurationPlatforms) = postSolution
		{64312871-9F08-4274-B323-CFFCDBB16CA5}.Debug|Any CPU.ActiveCfg = Debug|Any CPU
		{64312871-9F08-4274-B323-CFFCDBB16CA5}.Debug|Any CPU.Build.0 = Debug|Any CPU
		{64312871-9F08-4274-B323-CFFCDBB16CA5}.Release|Any CPU.ActiveCfg = Release|Any CPU
		{64312871-9F08-4274-B323-CFFCDBB16CA5}.Release|Any CPU.Build.0 = Release|Any CPU
	EndGlobalSection
	GlobalSection(SolutionProperties) = preSolution
		HideSolutionNode = FALSE
	EndGlobalSection
	GlobalSection(ExtensibilityGlobals) = postSolution
		SolutionGuid = {B2D89DD6-4FD5-4546-B89A-04684EE58834}
	EndGlobalSection
EndGlobal
